
Microsoft Visual Studio Solution File, Format Version 12.00
# Visual Studio 2013
VisualStudioVersion = 12.0.21005.1
MinimumVisualStudioVersion = 10.0.40219.1
Project("{FAE04EC0-301F-11D3-BF4B-00C04F79EFBC}") = "BrilliantCut.Core", "BrilliantCut.Core\BrilliantCut.Core.csproj", "{BF5ED046-8B29-4991-8479-DB2D8E36B978}"
EndProject
Project("{FAE04EC0-301F-11D3-BF4B-00C04F79EFBC}") = "BrilliantCut.Widget", "BrilliantCut.Widget\BrilliantCut.Widget.csproj", "{A0CF0C1F-0C97-4A3B-BDAC-7AD2DA018119}"
EndProject
Global
	GlobalSection(SolutionConfigurationPlatforms) = preSolution
		Debug|Any CPU = Debug|Any CPU
		Release|Any CPU = Release|Any CPU
	EndGlobalSection
	GlobalSection(ProjectConfigurationPlatforms) = postSolution
		{BF5ED046-8B29-4991-8479-DB2D8E36B978}.Debug|Any CPU.ActiveCfg = Debug|Any CPU
		{BF5ED046-8B29-4991-8479-DB2D8E36B978}.Debug|Any CPU.Build.0 = Debug|Any CPU
		{BF5ED046-8B29-4991-8479-DB2D8E36B978}.Release|Any CPU.ActiveCfg = Release|Any CPU
		{BF5ED046-8B29-4991-8479-DB2D8E36B978}.Release|Any CPU.Build.0 = Release|Any CPU
		{A0CF0C1F-0C97-4A3B-BDAC-7AD2DA018119}.Debug|Any CPU.ActiveCfg = Debug|Any CPU
		{A0CF0C1F-0C97-4A3B-BDAC-7AD2DA018119}.Debug|Any CPU.Build.0 = Debug|Any CPU
		{A0CF0C1F-0C97-4A3B-BDAC-7AD2DA018119}.Release|Any CPU.ActiveCfg = Release|Any CPU
		{A0CF0C1F-0C97-4A3B-BDAC-7AD2DA018119}.Release|Any CPU.Build.0 = Release|Any CPU
	EndGlobalSection
	GlobalSection(SolutionProperties) = preSolution
		HideSolutionNode = FALSE
	EndGlobalSection
EndGlobal
